
Microsoft Visual Studio Solution File, Format Version 11.00
# Visual Studio 2010
Project("{8BC9CEB8-8B4A-11D0-8D11-00A0C91BC942}") = "XMLibA", "..\lib\XMLibA.vcxproj", "{4652AC02-07EC-9946-A19E-B711E8D677EE}"
EndProject
Project("{8BC9CEB8-8B4A-11D0-8D11-00A0C91BC942}") = "XMLibAP", "..\lib\XMLibAP.vcxproj", "{1E658E78-F6C3-54FE-E010-B81402A2466E}"
EndProject
Project("{8BC9CEB8-8B4A-11D0-8D11-00A0C91BC942}") = "XMLibB", "..\lib\XMLibB.vcxproj", "{D09D819D-333E-DB1A-B0D6-1DAB9835BBBF}"
EndProject
Project("{8BC9CEB8-8B4A-11D0-8D11-00A0C91BC942}") = "XMLibC", "..\lib\XMLibC.vcxproj", "{F3D84176-1003-AEF0-61AE-9138C41D9FAC}"
EndProject
Project("{8BC9CEB8-8B4A-11D0-8D11-00A0C91BC942}") = "XMLibM", "..\lib\XMLibM.vcxproj", "{A9DCBE1B-CF5A-3578-71AE-A32213A391DB}"
EndProject
Project("{8BC9CEB8-8B4A-11D0-8D11-00A0C91BC942}") = "XMLibV", "..\lib\XMLibV.vcxproj", "{EB99D64C-2AB6-77BC-8BC1-49837B6339F7}"
EndProject
Project("{8BC9CEB8-8B4A-11D0-8D11-00A0C91BC942}") = "XMWinExe", "XMWinExe.vcxproj", "{EBEE250E-5E58-32D3-0749-2891CF711630}"
	ProjectSection(ProjectDependencies) = postProject
		{4652AC02-07EC-9946-A19E-B711E8D677EE} = {4652AC02-07EC-9946-A19E-B711E8D677EE}
		{F3D84176-1003-AEF0-61AE-9138C41D9FAC} = {F3D84176-1003-AEF0-61AE-9138C41D9FAC}
		{1E658E78-F6C3-54FE-E010-B81402A2466E} = {1E658E78-F6C3-54FE-E010-B81402A2466E}
		{EB99D64C-2AB6-77BC-8BC1-49837B6339F7} = {EB99D64C-2AB6-77BC-8BC1-49837B6339F7}
		{BD67D054-6EE2-BE87-CF56-A98FE50ADB49} = {BD67D054-6EE2-BE87-CF56-A98FE50ADB49}
		{D09D819D-333E-DB1A-B0D6-1DAB9835BBBF} = {D09D819D-333E-DB1A-B0D6-1DAB9835BBBF}
		{A9DCBE1B-CF5A-3578-71AE-A32213A391DB} = {A9DCBE1B-CF5A-3578-71AE-A32213A391DB}
		{0888125D-9DA8-D798-1459-99E0360C519D} = {0888125D-9DA8-D798-1459-99E0360C519D}
	EndProjectSection
EndProject
Project("{8BC9CEB8-8B4A-11D0-8D11-00A0C91BC942}") = "all", "all.vcxproj", "{605D3C02-5785-1B0C-0CCA-6074E6B3A247}"
	ProjectSection(ProjectDependencies) = postProject
		{E4EDAF4B-290B-0F1A-C90B-5E01F9ED2B5F} = {E4EDAF4B-290B-0F1A-C90B-5E01F9ED2B5F}
		{EBEE250E-5E58-32D3-0749-2891CF711630} = {EBEE250E-5E58-32D3-0749-2891CF711630}
		{B61C028A-99C3-8CFC-7062-5C5AA4F76869} = {B61C028A-99C3-8CFC-7062-5C5AA4F76869}
	EndProjectSection
EndProject
Project("{8BC9CEB8-8B4A-11D0-8D11-00A0C91BC942}") = "kltlib", "..\lib\kltlib\kltlib.vcxproj", "{BD67D054-6EE2-BE87-CF56-A98FE50ADB49}"
EndProject
Project("{8BC9CEB8-8B4A-11D0-8D11-00A0C91BC942}") = "mpeg2dec", "..\Decoders\MPEG2Dec\src\mpeg2dec\mpeg2dec.vcxproj", "{E4EDAF4B-290B-0F1A-C90B-5E01F9ED2B5F}"
EndProject
Project("{8BC9CEB8-8B4A-11D0-8D11-00A0C91BC942}") = "mpeg2declib", "..\Decoders\MPEG2Dec\src\mpeg2dec\mpeg2declib.vcxproj", "{0888125D-9DA8-D798-1459-99E0360C519D}"
EndProject
Project("{8BC9CEB8-8B4A-11D0-8D11-00A0C91BC942}") = "mpeg2enc", "..\Encoders\MPEG2Enc\src\mpeg2enc\mpeg2enc.vcxproj", "{B61C028A-99C3-8CFC-7062-5C5AA4F76869}"
EndProject
Global
	GlobalSection(SolutionConfigurationPlatforms) = preSolution
		Debug|Win32 = Debug|Win32
		Release|Win32 = Release|Win32
		Template|Win32 = Template|Win32
	EndGlobalSection
	GlobalSection(ProjectConfigurationPlatforms) = postSolution
		{4652AC02-07EC-9946-A19E-B711E8D677EE}.Debug|Win32.ActiveCfg = Debug|Win32
		{4652AC02-07EC-9946-A19E-B711E8D677EE}.Debug|Win32.Build.0 = Debug|Win32
		{4652AC02-07EC-9946-A19E-B711E8D677EE}.Release|Win32.ActiveCfg = Release|Win32
		{4652AC02-07EC-9946-A19E-B711E8D677EE}.Release|Win32.Build.0 = Release|Win32
		{4652AC02-07EC-9946-A19E-B711E8D677EE}.Template|Win32.ActiveCfg = Template|Win32
		{4652AC02-07EC-9946-A19E-B711E8D677EE}.Template|Win32.Build.0 = Template|Win32
		{1E658E78-F6C3-54FE-E010-B81402A2466E}.Debug|Win32.ActiveCfg = Debug|Win32
		{1E658E78-F6C3-54FE-E010-B81402A2466E}.Debug|Win32.Build.0 = Debug|Win32
		{1E658E78-F6C3-54FE-E010-B81402A2466E}.Release|Win32.ActiveCfg = Release|Win32
		{1E658E78-F6C3-54FE-E010-B81402A2466E}.Release|Win32.Build.0 = Release|Win32
		{1E658E78-F6C3-54FE-E010-B81402A2466E}.Template|Win32.ActiveCfg = Template|Win32
		{1E658E78-F6C3-54FE-E010-B81402A2466E}.Template|Win32.Build.0 = Template|Win32
		{D09D819D-333E-DB1A-B0D6-1DAB9835BBBF}.Debug|Win32.ActiveCfg = Debug|Win32
		{D09D819D-333E-DB1A-B0D6-1DAB9835BBBF}.Debug|Win32.Build.0 = Debug|Win32
		{D09D819D-333E-DB1A-B0D6-1DAB9835BBBF}.Release|Win32.ActiveCfg = Release|Win32
		{D09D819D-333E-DB1A-B0D6-1DAB9835BBBF}.Release|Win32.Build.0 = Release|Win32
		{D09D819D-333E-DB1A-B0D6-1DAB9835BBBF}.Template|Win32.ActiveCfg = Template|Win32
		{D09D819D-333E-DB1A-B0D6-1DAB9835BBBF}.Template|Win32.Build.0 = Template|Win32
		{F3D84176-1003-AEF0-61AE-9138C41D9FAC}.Debug|Win32.ActiveCfg = Debug|Win32
		{F3D84176-1003-AEF0-61AE-9138C41D9FAC}.Debug|Win32.Build.0 = Debug|Win32
		{F3D84176-1003-AEF0-61AE-9138C41D9FAC}.Release|Win32.ActiveCfg = Release|Win32
		{F3D84176-1003-AEF0-61AE-9138C41D9FAC}.Release|Win32.Build.0 = Release|Win32
		{F3D84176-1003-AEF0-61AE-9138C41D9FAC}.Template|Win32.ActiveCfg = Template|Win32
		{F3D84176-1003-AEF0-61AE-9138C41D9FAC}.Template|Win32.Build.0 = Template|Win32
		{A9DCBE1B-CF5A-3578-71AE-A32213A391DB}.Debug|Win32.ActiveCfg = Debug|Win32
		{A9DCBE1B-CF5A-3578-71AE-A32213A391DB}.Debug|Win32.Build.0 = Debug|Win32
		{A9DCBE1B-CF5A-3578-71AE-A32213A391DB}.Release|Win32.ActiveCfg = Release|Win32
		{A9DCBE1B-CF5A-3578-71AE-A32213A391DB}.Release|Win32.Build.0 = Release|Win32
		{A9DCBE1B-CF5A-3578-71AE-A32213A391DB}.Template|Win32.ActiveCfg = Template|Win32
		{A9DCBE1B-CF5A-3578-71AE-A32213A391DB}.Template|Win32.Build.0 = Template|Win32
		{EB99D64C-2AB6-77BC-8BC1-49837B6339F7}.Debug|Win32.ActiveCfg = Debug|Win32
		{EB99D64C-2AB6-77BC-8BC1-49837B6339F7}.Debug|Win32.Build.0 = Debug|Win32
		{EB99D64C-2AB6-77BC-8BC1-49837B6339F7}.Release|Win32.ActiveCfg = Release|Win32
		{EB99D64C-2AB6-77BC-8BC1-49837B6339F7}.Release|Win32.Build.0 = Release|Win32
		{EB99D64C-2AB6-77BC-8BC1-49837B6339F7}.Template|Win32.ActiveCfg = Template|Win32
		{EB99D64C-2AB6-77BC-8BC1-49837B6339F7}.Template|Win32.Build.0 = Template|Win32
		{EBEE250E-5E58-32D3-0749-2891CF711630}.Debug|Win32.ActiveCfg = Debug|Win32
		{EBEE250E-5E58-32D3-0749-2891CF711630}.Debug|Win32.Build.0 = Debug|Win32
		{EBEE250E-5E58-32D3-0749-2891CF711630}.Release|Win32.ActiveCfg = Release|Win32
		{EBEE250E-5E58-32D3-0749-2891CF711630}.Release|Win32.Build.0 = Release|Win32
		{EBEE250E-5E58-32D3-0749-2891CF711630}.Template|Win32.ActiveCfg = Template|Win32
		{EBEE250E-5E58-32D3-0749-2891CF711630}.Template|Win32.Build.0 = Template|Win32
		{605D3C02-5785-1B0C-0CCA-6074E6B3A247}.Debug|Win32.ActiveCfg = Debug|Win32
		{605D3C02-5785-1B0C-0CCA-6074E6B3A247}.Debug|Win32.Build.0 = Debug|Win32
		{605D3C02-5785-1B0C-0CCA-6074E6B3A247}.Release|Win32.ActiveCfg = Release|Win32
		{605D3C02-5785-1B0C-0CCA-6074E6B3A247}.Release|Win32.Build.0 = Release|Win32
		{605D3C02-5785-1B0C-0CCA-6074E6B3A247}.Template|Win32.ActiveCfg = Template|Win32
		{605D3C02-5785-1B0C-0CCA-6074E6B3A247}.Template|Win32.Build.0 = Template|Win32
		{BD67D054-6EE2-BE87-CF56-A98FE50ADB49}.Debug|Win32.ActiveCfg = Debug|Win32
		{BD67D054-6EE2-BE87-CF56-A98FE50ADB49}.Debug|Win32.Build.0 = Debug|Win32
		{BD67D054-6EE2-BE87-CF56-A98FE50ADB49}.Release|Win32.ActiveCfg = Release|Win32
		{BD67D054-6EE2-BE87-CF56-A98FE50ADB49}.Release|Win32.Build.0 = Release|Win32
		{BD67D054-6EE2-BE87-CF56-A98FE50ADB49}.Template|Win32.ActiveCfg = Template|Win32
		{BD67D054-6EE2-BE87-CF56-A98FE50ADB49}.Template|Win32.Build.0 = Template|Win32
		{E4EDAF4B-290B-0F1A-C90B-5E01F9ED2B5F}.Debug|Win32.ActiveCfg = Debug|Win32
		{E4EDAF4B-290B-0F1A-C90B-5E01F9ED2B5F}.Debug|Win32.Build.0 = Debug|Win32
		{E4EDAF4B-290B-0F1A-C90B-5E01F9ED2B5F}.Release|Win32.ActiveCfg = Release|Win32
		{E4EDAF4B-290B-0F1A-C90B-5E01F9ED2B5F}.Release|Win32.Build.0 = Release|Win32
		{E4EDAF4B-290B-0F1A-C90B-5E01F9ED2B5F}.Template|Win32.ActiveCfg = Template|Win32
		{E4EDAF4B-290B-0F1A-C90B-5E01F9ED2B5F}.Template|Win32.Build.0 = Template|Win32
		{0888125D-9DA8-D798-1459-99E0360C519D}.Debug|Win32.ActiveCfg = Debug|Win32
		{0888125D-9DA8-D798-1459-99E0360C519D}.Debug|Win32.Build.0 = Debug|Win32
		{0888125D-9DA8-D798-1459-99E0360C519D}.Release|Win32.ActiveCfg = Release|Win32
		{0888125D-9DA8-D798-1459-99E0360C519D}.Release|Win32.Build.0 = Release|Win32
		{0888125D-9DA8-D798-1459-99E0360C519D}.Template|Win32.ActiveCfg = Template|Win32
		{0888125D-9DA8-D798-1459-99E0360C519D}.Template|Win32.Build.0 = Template|Win32
		{B61C028A-99C3-8CFC-7062-5C5AA4F76869}.Debug|Win32.ActiveCfg = Debug|Win32
		{B61C028A-99C3-8CFC-7062-5C5AA4F76869}.Debug|Win32.Build.0 = Debug|Win32
		{B61C028A-99C3-8CFC-7062-5C5AA4F76869}.Release|Win32.ActiveCfg = Release|Win32
		{B61C028A-99C3-8CFC-7062-5C5AA4F76869}.Release|Win32.Build.0 = Release|Win32
		{B61C028A-99C3-8CFC-7062-5C5AA4F76869}.Template|Win32.ActiveCfg = Template|Win32
		{B61C028A-99C3-8CFC-7062-5C5AA4F76869}.Template|Win32.Build.0 = Template|Win32
	EndGlobalSection
	GlobalSection(SolutionProperties) = preSolution
		HideSolutionNode = FALSE
	EndGlobalSection
EndGlobal
